
Microsoft Visual Studio Solution File, Format Version 12.00
# Visual Studio Version 17
VisualStudioVersion = 17.0.31912.275
MinimumVisualStudioVersion = 10.0.40219.1
Project("{2150E333-8FDC-42A3-9474-1A3956D46DE8}") = "Solution Items", "Solution Items", "{D5D9A1C3-BC2A-475D-BBB5-DDBA251F20C4}"
	ProjectSection(SolutionItems) = preProject
		.gitignore = .gitignore
		Directory.Build.props = Directory.Build.props
		Directory.Build.targets = Directory.Build.targets
		README.md = README.md
	EndProjectSection
EndProject
Project("{9A19103F-16F7-4668-BE54-9A1E7A4F7556}") = "Basilisk.Core", "Basilisk.Core\Basilisk.Core.csproj", "{14A02965-64C7-4E0B-97A7-21D7E5AE59F1}"
EndProject
Project("{9A19103F-16F7-4668-BE54-9A1E7A4F7556}") = "Basilisk.Graphics", "Basilisk.Graphics\Basilisk.Graphics.csproj", "{717C87BF-48A5-46B1-B576-8FC16B373272}"
EndProject
Project("{9A19103F-16F7-4668-BE54-9A1E7A4F7556}") = "Basilisk.IO", "Basilisk.IO\Basilisk.IO.csproj", "{7DFDA46B-4818-4FC9-9C6B-99E5FE70147F}"
EndProject
Project("{9A19103F-16F7-4668-BE54-9A1E7A4F7556}") = "Basilisk.Cryptography", "Basilisk.Cryptography\Basilisk.Cryptography.csproj", "{049FE285-2962-4665-8D4E-09505AF81D63}"
EndProject
Project("{9A19103F-16F7-4668-BE54-9A1E7A4F7556}") = "Basilisk.Testing", "Basilisk.Testing\Basilisk.Testing.csproj", "{E8FF9C76-9D08-4684-98BF-5EAD1DB3F4BA}"
EndProject
Project("{9A19103F-16F7-4668-BE54-9A1E7A4F7556}") = "Basilisk.Reflection", "Basilisk.Reflection\Basilisk.Reflection.csproj", "{08C53F1E-4F2C-4ADF-B291-3F03AFA63C16}"
EndProject
Project("{9A19103F-16F7-4668-BE54-9A1E7A4F7556}") = "Basilisk.Tests", "Basilisk.Tests\Basilisk.Tests.csproj", "{92E823C2-2BCF-40EA-9A56-A892E3228487}"
EndProject
Project("{9A19103F-16F7-4668-BE54-9A1E7A4F7556}") = "Basilisk.Executables", "Basilisk.Executables\Basilisk.Executables.csproj", "{D6BA5456-B284-451B-9E7C-7590E7CFCE61}"
EndProject
Project("{9A19103F-16F7-4668-BE54-9A1E7A4F7556}") = "Basilisk.Collections", "Basilisk.Collections\Basilisk.Collections.csproj", "{BDFEB3D0-E83A-4BB5-845C-12597F8A3EDA}"
EndProject
Project("{9A19103F-16F7-4668-BE54-9A1E7A4F7556}") = "Basilisk.Gallery", "Basilisk.Gallery\Basilisk.Gallery.csproj", "{99C54342-83AD-4F6C-9953-B54C7A76CE1D}"
EndProject
Project("{9A19103F-16F7-4668-BE54-9A1E7A4F7556}") = "Basilisk.XML", "Basilisk.XML\Basilisk.XML.csproj", "{D7935378-6E01-4E44-9BA9-256E699A6867}"
EndProject
Project("{FAE04EC0-301F-11D3-BF4B-00C04F79EFBC}") = "Basilisk.Extensions", "Basilisk.Extensions\Basilisk.Extensions.csproj", "{051019FC-8533-435A-B83C-801DAEB7F88C}"
EndProject
Global
	GlobalSection(SolutionConfigurationPlatforms) = preSolution
		Debug|Any CPU = Debug|Any CPU
		Debug|x64 = Debug|x64
		Release|Any CPU = Release|Any CPU
		Release|x64 = Release|x64
	EndGlobalSection
	GlobalSection(ProjectConfigurationPlatforms) = postSolution
		{14A02965-64C7-4E0B-97A7-21D7E5AE59F1}.Debug|Any CPU.ActiveCfg = Debug|Any CPU
		{14A02965-64C7-4E0B-97A7-21D7E5AE59F1}.Debug|Any CPU.Build.0 = Debug|Any CPU
		{14A02965-64C7-4E0B-97A7-21D7E5AE59F1}.Debug|x64.ActiveCfg = Debug|Any CPU
		{14A02965-64C7-4E0B-97A7-21D7E5AE59F1}.Debug|x64.Build.0 = Debug|Any CPU
		{14A02965-64C7-4E0B-97A7-21D7E5AE59F1}.Release|Any CPU.ActiveCfg = Release|Any CPU
		{14A02965-64C7-4E0B-97A7-21D7E5AE59F1}.Release|Any CPU.Build.0 = Release|Any CPU
		{14A02965-64C7-4E0B-97A7-21D7E5AE59F1}.Release|x64.ActiveCfg = Release|Any CPU
		{14A02965-64C7-4E0B-97A7-21D7E5AE59F1}.Release|x64.Build.0 = Release|Any CPU
		{717C87BF-48A5-46B1-B576-8FC16B373272}.Debug|Any CPU.ActiveCfg = Debug|Any CPU
		{717C87BF-48A5-46B1-B576-8FC16B373272}.Debug|Any CPU.Build.0 = Debug|Any CPU
		{717C87BF-48A5-46B1-B576-8FC16B373272}.Debug|x64.ActiveCfg = Debug|Any CPU
		{717C87BF-48A5-46B1-B576-8FC16B373272}.Debug|x64.Build.0 = Debug|Any CPU
		{717C87BF-48A5-46B1-B576-8FC16B373272}.Release|Any CPU.ActiveCfg = Release|Any CPU
		{717C87BF-48A5-46B1-B576-8FC16B373272}.Release|Any CPU.Build.0 = Release|Any CPU
		{717C87BF-48A5-46B1-B576-8FC16B373272}.Release|x64.ActiveCfg = Release|Any CPU
		{717C87BF-48A5-46B1-B576-8FC16B373272}.Release|x64.Build.0 = Release|Any CPU
		{7DFDA46B-4818-4FC9-9C6B-99E5FE70147F}.Debug|Any CPU.ActiveCfg = Debug|Any CPU
		{7DFDA46B-4818-4FC9-9C6B-99E5FE70147F}.Debug|Any CPU.Build.0 = Debug|Any CPU
		{7DFDA46B-4818-4FC9-9C6B-99E5FE70147F}.Debug|x64.ActiveCfg = Debug|Any CPU
		{7DFDA46B-4818-4FC9-9C6B-99E5FE70147F}.Debug|x64.Build.0 = Debug|Any CPU
		{7DFDA46B-4818-4FC9-9C6B-99E5FE70147F}.Release|Any CPU.ActiveCfg = Release|Any CPU
		{7DFDA46B-4818-4FC9-9C6B-99E5FE70147F}.Release|Any CPU.Build.0 = Release|Any CPU
		{7DFDA46B-4818-4FC9-9C6B-99E5FE70147F}.Release|x64.ActiveCfg = Release|Any CPU
		{7DFDA46B-4818-4FC9-9C6B-99E5FE70147F}.Release|x64.Build.0 = Release|Any CPU
		{049FE285-2962-4665-8D4E-09505AF81D63}.Debug|Any CPU.ActiveCfg = Debug|Any CPU
		{049FE285-2962-4665-8D4E-09505AF81D63}.Debug|Any CPU.Build.0 = Debug|Any CPU
		{049FE285-2962-4665-8D4E-09505AF81D63}.Debug|x64.ActiveCfg = Debug|Any CPU
		{049FE285-2962-4665-8D4E-09505AF81D63}.Debug|x64.Build.0 = Debug|Any CPU
		{049FE285-2962-4665-8D4E-09505AF81D63}.Release|Any CPU.ActiveCfg = Release|Any CPU
		{049FE285-2962-4665-8D4E-09505AF81D63}.Release|Any CPU.Build.0 = Release|Any CPU
		{049FE285-2962-4665-8D4E-09505AF81D63}.Release|x64.ActiveCfg = Release|Any CPU
		{049FE285-2962-4665-8D4E-09505AF81D63}.Release|x64.Build.0 = Release|Any CPU
		{E8FF9C76-9D08-4684-98BF-5EAD1DB3F4BA}.Debug|Any CPU.ActiveCfg = Debug|Any CPU
		{E8FF9C76-9D08-4684-98BF-5EAD1DB3F4BA}.Debug|Any CPU.Build.0 = Debug|Any CPU
		{E8FF9C76-9D08-4684-98BF-5EAD1DB3F4BA}.Debug|x64.ActiveCfg = Debug|Any CPU
		{E8FF9C76-9D08-4684-98BF-5EAD1DB3F4BA}.Debug|x64.Build.0 = Debug|Any CPU
		{E8FF9C76-9D08-4684-98BF-5EAD1DB3F4BA}.Release|Any CPU.ActiveCfg = Release|Any CPU
		{E8FF9C76-9D08-4684-98BF-5EAD1DB3F4BA}.Release|Any CPU.Build.0 = Release|Any CPU
		{E8FF9C76-9D08-4684-98BF-5EAD1DB3F4BA}.Release|x64.ActiveCfg = Release|Any CPU
		{E8FF9C76-9D08-4684-98BF-5EAD1DB3F4BA}.Release|x64.Build.0 = Release|Any CPU
		{08C53F1E-4F2C-4ADF-B291-3F03AFA63C16}.Debug|Any CPU.ActiveCfg = Debug|Any CPU
		{08C53F1E-4F2C-4ADF-B291-3F03AFA63C16}.Debug|Any CPU.Build.0 = Debug|Any CPU
		{08C53F1E-4F2C-4ADF-B291-3F03AFA63C16}.Debug|x64.ActiveCfg = Debug|Any CPU
		{08C53F1E-4F2C-4ADF-B291-3F03AFA63C16}.Debug|x64.Build.0 = Debug|Any CPU
		{08C53F1E-4F2C-4ADF-B291-3F03AFA63C16}.Release|Any CPU.ActiveCfg = Release|Any CPU
		{08C53F1E-4F2C-4ADF-B291-3F03AFA63C16}.Release|Any CPU.Build.0 = Release|Any CPU
		{08C53F1E-4F2C-4ADF-B291-3F03AFA63C16}.Release|x64.ActiveCfg = Release|Any CPU
		{08C53F1E-4F2C-4ADF-B291-3F03AFA63C16}.Release|x64.Build.0 = Release|Any CPU
		{92E823C2-2BCF-40EA-9A56-A892E3228487}.Debug|Any CPU.ActiveCfg = Debug|Any CPU
		{92E823C2-2BCF-40EA-9A56-A892E3228487}.Debug|Any CPU.Build.0 = Debug|Any CPU
		{92E823C2-2BCF-40EA-9A56-A892E3228487}.Debug|x64.ActiveCfg = Debug|Any CPU
		{92E823C2-2BCF-40EA-9A56-A892E3228487}.Debug|x64.Build.0 = Debug|Any CPU
		{92E823C2-2BCF-40EA-9A56-A892E3228487}.Release|Any CPU.ActiveCfg = Release|Any CPU
		{92E823C2-2BCF-40EA-9A56-A892E3228487}.Release|Any CPU.Build.0 = Release|Any CPU
		{92E823C2-2BCF-40EA-9A56-A892E3228487}.Release|x64.ActiveCfg = Release|Any CPU
		{92E823C2-2BCF-40EA-9A56-A892E3228487}.Release|x64.Build.0 = Release|Any CPU
		{D6BA5456-B284-451B-9E7C-7590E7CFCE61}.Debug|Any CPU.ActiveCfg = Debug|Any CPU
		{D6BA5456-B284-451B-9E7C-7590E7CFCE61}.Debug|Any CPU.Build.0 = Debug|Any CPU
		{D6BA5456-B284-451B-9E7C-7590E7CFCE61}.Debug|x64.ActiveCfg = Debug|Any CPU
		{D6BA5456-B284-451B-9E7C-7590E7CFCE61}.Debug|x64.Build.0 = Debug|Any CPU
		{D6BA5456-B284-451B-9E7C-7590E7CFCE61}.Release|Any CPU.ActiveCfg = Release|Any CPU
		{D6BA5456-B284-451B-9E7C-7590E7CFCE61}.Release|Any CPU.Build.0 = Release|Any CPU
		{D6BA5456-B284-451B-9E7C-7590E7CFCE61}.Release|x64.ActiveCfg = Release|Any CPU
		{D6BA5456-B284-451B-9E7C-7590E7CFCE61}.Release|x64.Build.0 = Release|Any CPU
		{BDFEB3D0-E83A-4BB5-845C-12597F8A3EDA}.Debug|Any CPU.ActiveCfg = Debug|Any CPU
		{BDFEB3D0-E83A-4BB5-845C-12597F8A3EDA}.Debug|Any CPU.Build.0 = Debug|Any CPU
		{BDFEB3D0-E83A-4BB5-845C-12597F8A3EDA}.Debug|x64.ActiveCfg = Debug|Any CPU
		{BDFEB3D0-E83A-4BB5-845C-12597F8A3EDA}.Debug|x64.Build.0 = Debug|Any CPU
		{BDFEB3D0-E83A-4BB5-845C-12597F8A3EDA}.Release|Any CPU.ActiveCfg = Release|Any CPU
		{BDFEB3D0-E83A-4BB5-845C-12597F8A3EDA}.Release|Any CPU.Build.0 = Release|Any CPU
		{BDFEB3D0-E83A-4BB5-845C-12597F8A3EDA}.Release|x64.ActiveCfg = Release|Any CPU
		{BDFEB3D0-E83A-4BB5-845C-12597F8A3EDA}.Release|x64.Build.0 = Release|Any CPU
		{99C54342-83AD-4F6C-9953-B54C7A76CE1D}.Debug|Any CPU.ActiveCfg = Debug|Any CPU
		{99C54342-83AD-4F6C-9953-B54C7A76CE1D}.Debug|Any CPU.Build.0 = Debug|Any CPU
		{99C54342-83AD-4F6C-9953-B54C7A76CE1D}.Debug|x64.ActiveCfg = Debug|Any CPU
		{99C54342-83AD-4F6C-9953-B54C7A76CE1D}.Debug|x64.Build.0 = Debug|Any CPU
		{99C54342-83AD-4F6C-9953-B54C7A76CE1D}.Release|Any CPU.ActiveCfg = Release|Any CPU
		{99C54342-83AD-4F6C-9953-B54C7A76CE1D}.Release|Any CPU.Build.0 = Release|Any CPU
		{99C54342-83AD-4F6C-9953-B54C7A76CE1D}.Release|x64.ActiveCfg = Release|Any CPU
		{99C54342-83AD-4F6C-9953-B54C7A76CE1D}.Release|x64.Build.0 = Release|Any CPU
		{D7935378-6E01-4E44-9BA9-256E699A6867}.Debug|Any CPU.ActiveCfg = Debug|Any CPU
		{D7935378-6E01-4E44-9BA9-256E699A6867}.Debug|Any CPU.Build.0 = Debug|Any CPU
		{D7935378-6E01-4E44-9BA9-256E699A6867}.Debug|x64.ActiveCfg = Debug|Any CPU
		{D7935378-6E01-4E44-9BA9-256E699A6867}.Debug|x64.Build.0 = Debug|Any CPU
		{D7935378-6E01-4E44-9BA9-256E699A6867}.Release|Any CPU.ActiveCfg = Release|Any CPU
		{D7935378-6E01-4E44-9BA9-256E699A6867}.Release|Any CPU.Build.0 = Release|Any CPU
		{D7935378-6E01-4E44-9BA9-256E699A6867}.Release|x64.ActiveCfg = Release|Any CPU
		{D7935378-6E01-4E44-9BA9-256E699A6867}.Release|x64.Build.0 = Release|Any CPU
		{051019FC-8533-435A-B83C-801DAEB7F88C}.Debug|Any CPU.ActiveCfg = Debug|Any CPU
		{051019FC-8533-435A-B83C-801DAEB7F88C}.Debug|Any CPU.Build.0 = Debug|Any CPU
		{051019FC-8533-435A-B83C-801DAEB7F88C}.Debug|x64.ActiveCfg = Debug|Any CPU
		{051019FC-8533-435A-B83C-801DAEB7F88C}.Debug|x64.Build.0 = Debug|Any CPU
		{051019FC-8533-435A-B83C-801DAEB7F88C}.Release|Any CPU.ActiveCfg = Release|Any CPU
		{051019FC-8533-435A-B83C-801DAEB7F88C}.Release|Any CPU.Build.0 = Release|Any CPU
		{051019FC-8533-435A-B83C-801DAEB7F88C}.Release|x64.ActiveCfg = Release|Any CPU
		{051019FC-8533-435A-B83C-801DAEB7F88C}.Release|x64.Build.0 = Release|Any CPU
	EndGlobalSection
	GlobalSection(SolutionProperties) = preSolution
		HideSolutionNode = FALSE
	EndGlobalSection
	GlobalSection(ExtensibilityGlobals) = postSolution
		SolutionGuid = {38FA220F-D688-45C1-8F32-C8255B01D0E8}
	EndGlobalSection
EndGlobal
